
Microsoft Visual Studio Solution File, Format Version 12.00
# Visual Studio Version 17
VisualStudioVersion = 17.3.32901.215
MinimumVisualStudioVersion = 10.0.40219.1
Project("{FAE04EC0-301F-11D3-BF4B-00C04F79EFBC}") = "lab1ex1", "lab1ex1\lab1ex1.csproj", "{FAFA8479-6C29-4A0F-90C0-48ACAAF665AA}"
EndProject
Global
	GlobalSection(SolutionConfigurationPlatforms) = preSolution
		Debug|Any CPU = Debug|Any CPU
		Release|Any CPU = Release|Any CPU
	EndGlobalSection
	GlobalSection(ProjectConfigurationPlatforms) = postSolution
		{FAFA8479-6C29-4A0F-90C0-48ACAAF665AA}.Debug|Any CPU.ActiveCfg = Debug|Any CPU
		{FAFA8479-6C29-4A0F-90C0-48ACAAF665AA}.Debug|Any CPU.Build.0 = Debug|Any CPU
		{FAFA8479-6C29-4A0F-90C0-48ACAAF665AA}.Release|Any CPU.ActiveCfg = Release|Any CPU
		{FAFA8479-6C29-4A0F-90C0-48ACAAF665AA}.Release|Any CPU.Build.0 = Release|Any CPU
	EndGlobalSection
	GlobalSection(SolutionProperties) = preSolution
		HideSolutionNode = FALSE
	EndGlobalSection
	GlobalSection(ExtensibilityGlobals) = postSolution
		SolutionGuid = {F6A4A619-D78D-459F-A53B-BE5BFFA95CFD}
	EndGlobalSection
EndGlobal
